
Microsoft Visual Studio Solution File, Format Version 12.00
# Visual Studio Version 17
VisualStudioVersion = 17.0.31919.166
MinimumVisualStudioVersion = 10.0.40219.1
Project("{9A19103F-16F7-4668-BE54-9A1E7A4F7556}") = "DevServer", "DevServer\DevServer.csproj", "{CE7CC18D-C7F7-455A-955A-42222F90E9B8}"
EndProject
Project("{9A19103F-16F7-4668-BE54-9A1E7A4F7556}") = "Gateway", "Gateway\Gateway.csproj", "{193BA692-CEB1-402A-8F67-D9C15DB20E8C}"
EndProject
Project("{9A19103F-16F7-4668-BE54-9A1E7A4F7556}") = "IdentityProvider", "IdentityProvider\IdentityProvider.csproj", "{93CC0029-1665-4759-9D29-FAE2F6700346}"
EndProject
Project("{9A19103F-16F7-4668-BE54-9A1E7A4F7556}") = "Signin", "Signin\Signin.csproj", "{2AECF8F9-2596-4442-97D9-4785DAB51E53}"
EndProject
Project("{2150E333-8FDC-42A3-9474-1A3956D46DE8}") = "Solution Items", "Solution Items", "{FDEED042-04E0-4A28-82A9-987CEC67A81A}"
	ProjectSection(SolutionItems) = preProject
		..\nuget.config = ..\nuget.config
	EndProjectSection
EndProject
Project("{9A19103F-16F7-4668-BE54-9A1E7A4F7556}") = "Profile", "Profile\Profile.csproj", "{635D25FE-9517-453F-AADF-89AE13D7F086}"
EndProject
Project("{9A19103F-16F7-4668-BE54-9A1E7A4F7556}") = "Profile.Domain", "Profile.Domain\Profile.Domain.csproj", "{9718EC86-6B47-4939-A7F3-D787FAD35012}"
EndProject
Project("{2150E333-8FDC-42A3-9474-1A3956D46DE8}") = "src", "src", "{0BD353E1-8FFA-44BC-B3F5-D9A4C1038944}"
EndProject
Project("{2150E333-8FDC-42A3-9474-1A3956D46DE8}") = "test", "test", "{FC7FEEBC-C1F8-4E43-9EBB-55331EF0E203}"
EndProject
Project("{9A19103F-16F7-4668-BE54-9A1E7A4F7556}") = "Tests", "Tests\Tests.csproj", "{3AA0CDA6-8B3A-494E-BF2E-495366F30AF5}"
EndProject
Project("{FAE04EC0-301F-11D3-BF4B-00C04F79EFBC}") = "AuthCore", "AuthCore\AuthCore.csproj", "{4CF1BD75-D2D3-44C6-83C6-390BD37C3AD8}"
EndProject
Global
	GlobalSection(SolutionConfigurationPlatforms) = preSolution
		Debug|Any CPU = Debug|Any CPU
		Release|Any CPU = Release|Any CPU
	EndGlobalSection
	GlobalSection(ProjectConfigurationPlatforms) = postSolution
		{CE7CC18D-C7F7-455A-955A-42222F90E9B8}.Debug|Any CPU.ActiveCfg = Debug|Any CPU
		{CE7CC18D-C7F7-455A-955A-42222F90E9B8}.Debug|Any CPU.Build.0 = Debug|Any CPU
		{CE7CC18D-C7F7-455A-955A-42222F90E9B8}.Release|Any CPU.ActiveCfg = Release|Any CPU
		{CE7CC18D-C7F7-455A-955A-42222F90E9B8}.Release|Any CPU.Build.0 = Release|Any CPU
		{193BA692-CEB1-402A-8F67-D9C15DB20E8C}.Debug|Any CPU.ActiveCfg = Debug|Any CPU
		{193BA692-CEB1-402A-8F67-D9C15DB20E8C}.Debug|Any CPU.Build.0 = Debug|Any CPU
		{193BA692-CEB1-402A-8F67-D9C15DB20E8C}.Release|Any CPU.ActiveCfg = Release|Any CPU
		{193BA692-CEB1-402A-8F67-D9C15DB20E8C}.Release|Any CPU.Build.0 = Release|Any CPU
		{93CC0029-1665-4759-9D29-FAE2F6700346}.Debug|Any CPU.ActiveCfg = Debug|Any CPU
		{93CC0029-1665-4759-9D29-FAE2F6700346}.Debug|Any CPU.Build.0 = Debug|Any CPU
		{93CC0029-1665-4759-9D29-FAE2F6700346}.Release|Any CPU.ActiveCfg = Release|Any CPU
		{93CC0029-1665-4759-9D29-FAE2F6700346}.Release|Any CPU.Build.0 = Release|Any CPU
		{2AECF8F9-2596-4442-97D9-4785DAB51E53}.Debug|Any CPU.ActiveCfg = Debug|Any CPU
		{2AECF8F9-2596-4442-97D9-4785DAB51E53}.Debug|Any CPU.Build.0 = Debug|Any CPU
		{2AECF8F9-2596-4442-97D9-4785DAB51E53}.Release|Any CPU.ActiveCfg = Release|Any CPU
		{2AECF8F9-2596-4442-97D9-4785DAB51E53}.Release|Any CPU.Build.0 = Release|Any CPU
		{635D25FE-9517-453F-AADF-89AE13D7F086}.Debug|Any CPU.ActiveCfg = Debug|Any CPU
		{635D25FE-9517-453F-AADF-89AE13D7F086}.Debug|Any CPU.Build.0 = Debug|Any CPU
		{635D25FE-9517-453F-AADF-89AE13D7F086}.Release|Any CPU.ActiveCfg = Release|Any CPU
		{635D25FE-9517-453F-AADF-89AE13D7F086}.Release|Any CPU.Build.0 = Release|Any CPU
		{9718EC86-6B47-4939-A7F3-D787FAD35012}.Debug|Any CPU.ActiveCfg = Debug|Any CPU
		{9718EC86-6B47-4939-A7F3-D787FAD35012}.Debug|Any CPU.Build.0 = Debug|Any CPU
		{9718EC86-6B47-4939-A7F3-D787FAD35012}.Release|Any CPU.ActiveCfg = Release|Any CPU
		{9718EC86-6B47-4939-A7F3-D787FAD35012}.Release|Any CPU.Build.0 = Release|Any CPU
		{3AA0CDA6-8B3A-494E-BF2E-495366F30AF5}.Debug|Any CPU.ActiveCfg = Debug|Any CPU
		{3AA0CDA6-8B3A-494E-BF2E-495366F30AF5}.Debug|Any CPU.Build.0 = Debug|Any CPU
		{3AA0CDA6-8B3A-494E-BF2E-495366F30AF5}.Release|Any CPU.ActiveCfg = Release|Any CPU
		{3AA0CDA6-8B3A-494E-BF2E-495366F30AF5}.Release|Any CPU.Build.0 = Release|Any CPU
		{4CF1BD75-D2D3-44C6-83C6-390BD37C3AD8}.Debug|Any CPU.ActiveCfg = Debug|Any CPU
		{4CF1BD75-D2D3-44C6-83C6-390BD37C3AD8}.Debug|Any CPU.Build.0 = Debug|Any CPU
		{4CF1BD75-D2D3-44C6-83C6-390BD37C3AD8}.Release|Any CPU.ActiveCfg = Release|Any CPU
		{4CF1BD75-D2D3-44C6-83C6-390BD37C3AD8}.Release|Any CPU.Build.0 = Release|Any CPU
	EndGlobalSection
	GlobalSection(SolutionProperties) = preSolution
		HideSolutionNode = FALSE
	EndGlobalSection
	GlobalSection(NestedProjects) = preSolution
		{CE7CC18D-C7F7-455A-955A-42222F90E9B8} = {0BD353E1-8FFA-44BC-B3F5-D9A4C1038944}
		{193BA692-CEB1-402A-8F67-D9C15DB20E8C} = {0BD353E1-8FFA-44BC-B3F5-D9A4C1038944}
		{93CC0029-1665-4759-9D29-FAE2F6700346} = {0BD353E1-8FFA-44BC-B3F5-D9A4C1038944}
		{2AECF8F9-2596-4442-97D9-4785DAB51E53} = {0BD353E1-8FFA-44BC-B3F5-D9A4C1038944}
		{635D25FE-9517-453F-AADF-89AE13D7F086} = {0BD353E1-8FFA-44BC-B3F5-D9A4C1038944}
		{9718EC86-6B47-4939-A7F3-D787FAD35012} = {0BD353E1-8FFA-44BC-B3F5-D9A4C1038944}
		{3AA0CDA6-8B3A-494E-BF2E-495366F30AF5} = {FC7FEEBC-C1F8-4E43-9EBB-55331EF0E203}
		{4CF1BD75-D2D3-44C6-83C6-390BD37C3AD8} = {0BD353E1-8FFA-44BC-B3F5-D9A4C1038944}
	EndGlobalSection
	GlobalSection(ExtensibilityGlobals) = postSolution
		SolutionGuid = {35C4FC7A-626B-4DD7-8BAE-A53048FD5278}
	EndGlobalSection
EndGlobal
